// !$*UTF8*$!
{
	archiveVersion = 1;
	classes = {
	};
	objectVersion = 56;
	objects = {

/* Begin PBXBuildFile section */
		7A29C4B629E9C09000514967 /* ContactsCategory.swift in Sources */ = {isa = PBXBuildFile; fileRef = 7A29C4B529E9C09000514967 /* ContactsCategory.swift */; };
		7A29C4BA29E9C0C100514967 /* MainViewPresenter.swift in Sources */ = {isa = PBXBuildFile; fileRef = 7A29C4B929E9C0C100514967 /* MainViewPresenter.swift */; };
		7A29C4BD29E9C46D00514967 /* PhoneContacts.swift in Sources */ = {isa = PBXBuildFile; fileRef = 7A29C4BC29E9C46D00514967 /* PhoneContacts.swift */; };
		7A555D8129E9B523003B521F /* AppDelegate.swift in Sources */ = {isa = PBXBuildFile; fileRef = 7A555D8029E9B523003B521F /* AppDelegate.swift */; };
		7A555D8329E9B523003B521F /* SceneDelegate.swift in Sources */ = {isa = PBXBuildFile; fileRef = 7A555D8229E9B523003B521F /* SceneDelegate.swift */; };
		7A555D8529E9B523003B521F /* MainViewController.swift in Sources */ = {isa = PBXBuildFile; fileRef = 7A555D8429E9B523003B521F /* MainViewController.swift */; };
		7A555D8829E9B523003B521F /* Main.storyboard in Resources */ = {isa = PBXBuildFile; fileRef = 7A555D8629E9B523003B521F /* Main.storyboard */; };
		7A555D8A29E9B524003B521F /* Assets.xcassets in Resources */ = {isa = PBXBuildFile; fileRef = 7A555D8929E9B524003B521F /* Assets.xcassets */; };
		7A555D8D29E9B524003B521F /* LaunchScreen.storyboard in Resources */ = {isa = PBXBuildFile; fileRef = 7A555D8B29E9B524003B521F /* LaunchScreen.storyboard */; };
		7A555D9729E9B9F1003B521F /* MainViewCell.swift in Sources */ = {isa = PBXBuildFile; fileRef = 7A555D9529E9B9F1003B521F /* MainViewCell.swift */; };
		7A555D9829E9B9F1003B521F /* MainViewCell.xib in Resources */ = {isa = PBXBuildFile; fileRef = 7A555D9629E9B9F1003B521F /* MainViewCell.xib */; };
		7A89EADD29EACC7500A637F9 /* DetailCell.swift in Sources */ = {isa = PBXBuildFile; fileRef = 7A89EADB29EACC7500A637F9 /* DetailCell.swift */; };
		7A89EADE29EACC7500A637F9 /* DetailCell.xib in Resources */ = {isa = PBXBuildFile; fileRef = 7A89EADC29EACC7500A637F9 /* DetailCell.xib */; };
		7A89EAE229EAE3CE00A637F9 /* MainContract.swift in Sources */ = {isa = PBXBuildFile; fileRef = 7A89EAE129EAE3CE00A637F9 /* MainContract.swift */; };
		7AD775D729E9FEC500BF7515 /* DetailViewController.swift in Sources */ = {isa = PBXBuildFile; fileRef = 7AD775D629E9FEC500BF7515 /* DetailViewController.swift */; };
		7AD775D929E9FF0700BF7515 /* DetailViewController.storyboard in Resources */ = {isa = PBXBuildFile; fileRef = 7AD775D829E9FF0700BF7515 /* DetailViewController.storyboard */; };
/* End PBXBuildFile section */

/* Begin PBXFileReference section */
		7A29C4B529E9C09000514967 /* ContactsCategory.swift */ = {isa = PBXFileReference; lastKnownFileType = sourcecode.swift; path = ContactsCategory.swift; sourceTree = "<group>"; };
		7A29C4B929E9C0C100514967 /* MainViewPresenter.swift */ = {isa = PBXFileReference; lastKnownFileType = sourcecode.swift; path = MainViewPresenter.swift; sourceTree = "<group>"; };
		7A29C4BC29E9C46D00514967 /* PhoneContacts.swift */ = {isa = PBXFileReference; lastKnownFileType = sourcecode.swift; path = PhoneContacts.swift; sourceTree = "<group>"; };
		7A555D7D29E9B523003B521F /* ContactsTask.app */ = {isa = PBXFileReference; explicitFileType = wrapper.application; includeInIndex = 0; path = ContactsTask.app; sourceTree = BUILT_PRODUCTS_DIR; };
		7A555D8029E9B523003B521F /* AppDelegate.swift */ = {isa = PBXFileReference; lastKnownFileType = sourcecode.swift; path = AppDelegate.swift; sourceTree = "<group>"; };
		7A555D8229E9B523003B521F /* SceneDelegate.swift */ = {isa = PBXFileReference; lastKnownFileType = sourcecode.swift; path = SceneDelegate.swift; sourceTree = "<group>"; };
		7A555D8429E9B523003B521F /* MainViewController.swift */ = {isa = PBXFileReference; lastKnownFileType = sourcecode.swift; path = MainViewController.swift; sourceTree = "<group>"; };
		7A555D8729E9B523003B521F /* Base */ = {isa = PBXFileReference; lastKnownFileType = file.storyboard; name = Base; path = Base.lproj/Main.storyboard; sourceTree = "<group>"; };
		7A555D8929E9B524003B521F /* Assets.xcassets */ = {isa = PBXFileReference; lastKnownFileType = folder.assetcatalog; path = Assets.xcassets; sourceTree = "<group>"; };
		7A555D8C29E9B524003B521F /* Base */ = {isa = PBXFileReference; lastKnownFileType = file.storyboard; name = Base; path = Base.lproj/LaunchScreen.storyboard; sourceTree = "<group>"; };
		7A555D8E29E9B524003B521F /* Info.plist */ = {isa = PBXFileReference; lastKnownFileType = text.plist.xml; path = Info.plist; sourceTree = "<group>"; };
		7A555D9529E9B9F1003B521F /* MainViewCell.swift */ = {isa = PBXFileReference; lastKnownFileType = sourcecode.swift; path = MainViewCell.swift; sourceTree = "<group>"; };
		7A555D9629E9B9F1003B521F /* MainViewCell.xib */ = {isa = PBXFileReference; lastKnownFileType = file.xib; path = MainViewCell.xib; sourceTree = "<group>"; };
		7A89EADB29EACC7500A637F9 /* DetailCell.swift */ = {isa = PBXFileReference; lastKnownFileType = sourcecode.swift; path = DetailCell.swift; sourceTree = "<group>"; };
		7A89EADC29EACC7500A637F9 /* DetailCell.xib */ = {isa = PBXFileReference; lastKnownFileType = file.xib; path = DetailCell.xib; sourceTree = "<group>"; };
		7A89EAE129EAE3CE00A637F9 /* MainContract.swift */ = {isa = PBXFileReference; lastKnownFileType = sourcecode.swift; path = MainContract.swift; sourceTree = "<group>"; };
		7AD775D629E9FEC500BF7515 /* DetailViewController.swift */ = {isa = PBXFileReference; lastKnownFileType = sourcecode.swift; path = DetailViewController.swift; sourceTree = "<group>"; };
		7AD775D829E9FF0700BF7515 /* DetailViewController.storyboard */ = {isa = PBXFileReference; lastKnownFileType = file.storyboard; path = DetailViewController.storyboard; sourceTree = "<group>"; };
/* End PBXFileReference section */

/* Begin PBXFrameworksBuildPhase section */
		7A555D7A29E9B523003B521F /* Frameworks */ = {
			isa = PBXFrameworksBuildPhase;
			buildActionMask = 2147483647;
			files = (
			);
			runOnlyForDeploymentPostprocessing = 0;
		};
/* End PBXFrameworksBuildPhase section */

/* Begin PBXGroup section */
		7A29C4B429E9C07A00514967 /* Models */ = {
			isa = PBXGroup;
			children = (
				7A29C4B529E9C09000514967 /* ContactsCategory.swift */,
			);
			path = Models;
			sourceTree = "<group>";
		};
		7A29C4B729E9C0AA00514967 /* Modules */ = {
			isa = PBXGroup;
			children = (
				7AD775D529E9FEB000BF7515 /* DetailContacst */,
				7A29C4B829E9C0B200514967 /* Main */,
			);
			path = Modules;
			sourceTree = "<group>";
		};
		7A29C4B829E9C0B200514967 /* Main */ = {
			isa = PBXGroup;
			children = (
				7A555D9429E9B9D0003B521F /* MainCell */,
				7A555D8429E9B523003B521F /* MainViewController.swift */,
				7A29C4B929E9C0C100514967 /* MainViewPresenter.swift */,
				7A89EAE129EAE3CE00A637F9 /* MainContract.swift */,
			);
			path = Main;
			sourceTree = "<group>";
		};
		7A29C4BB29E9C43E00514967 /* Helpers */ = {
			isa = PBXGroup;
			children = (
				7A29C4BC29E9C46D00514967 /* PhoneContacts.swift */,
			);
			path = Helpers;
			sourceTree = "<group>";
		};
		7A555D7429E9B523003B521F = {
			isa = PBXGroup;
			children = (
				7A555D7F29E9B523003B521F /* ContactsTask */,
				7A555D7E29E9B523003B521F /* Products */,
			);
			sourceTree = "<group>";
		};
		7A555D7E29E9B523003B521F /* Products */ = {
			isa = PBXGroup;
			children = (
				7A555D7D29E9B523003B521F /* ContactsTask.app */,
			);
			name = Products;
			sourceTree = "<group>";
		};
		7A555D7F29E9B523003B521F /* ContactsTask */ = {
			isa = PBXGroup;
			children = (
				7A29C4BB29E9C43E00514967 /* Helpers */,
				7A29C4B429E9C07A00514967 /* Models */,
				7A555D8029E9B523003B521F /* AppDelegate.swift */,
				7A555D8229E9B523003B521F /* SceneDelegate.swift */,
				7A29C4B729E9C0AA00514967 /* Modules */,
				7A555D8629E9B523003B521F /* Main.storyboard */,
				7A555D8929E9B524003B521F /* Assets.xcassets */,
				7A555D8B29E9B524003B521F /* LaunchScreen.storyboard */,
				7A555D8E29E9B524003B521F /* Info.plist */,
			);
			path = ContactsTask;
			sourceTree = "<group>";
		};
		7A555D9429E9B9D0003B521F /* MainCell */ = {
			isa = PBXGroup;
			children = (
				7A555D9529E9B9F1003B521F /* MainViewCell.swift */,
				7A555D9629E9B9F1003B521F /* MainViewCell.xib */,
			);
			path = MainCell;
			sourceTree = "<group>";
		};
		7A89EADA29EACC6300A637F9 /* DetailCell */ = {
			isa = PBXGroup;
			children = (
				7A89EADB29EACC7500A637F9 /* DetailCell.swift */,
				7A89EADC29EACC7500A637F9 /* DetailCell.xib */,
			);
			path = DetailCell;
			sourceTree = "<group>";
		};
		7AD775D529E9FEB000BF7515 /* DetailContacst */ = {
			isa = PBXGroup;
			children = (
				7A89EADA29EACC6300A637F9 /* DetailCell */,
				7AD775D629E9FEC500BF7515 /* DetailViewController.swift */,
				7AD775D829E9FF0700BF7515 /* DetailViewController.storyboard */,
			);
			path = DetailContacst;
			sourceTree = "<group>";
		};
/* End PBXGroup section */

/* Begin PBXNativeTarget section */
		7A555D7C29E9B523003B521F /* ContactsTask */ = {
			isa = PBXNativeTarget;
			buildConfigurationList = 7A555D9129E9B524003B521F /* Build configuration list for PBXNativeTarget "ContactsTask" */;
			buildPhases = (
				7A555D7929E9B523003B521F /* Sources */,
				7A555D7A29E9B523003B521F /* Frameworks */,
				7A555D7B29E9B523003B521F /* Resources */,
			);
			buildRules = (
			);
			dependencies = (
			);
			name = ContactsTask;
			productName = ContactsTask;
			productReference = 7A555D7D29E9B523003B521F /* ContactsTask.app */;
			productType = "com.apple.product-type.application";
		};
/* End PBXNativeTarget section */

/* Begin PBXProject section */
		7A555D7529E9B523003B521F /* Project object */ = {
			isa = PBXProject;
			attributes = {
				BuildIndependentTargetsInParallel = 1;
				LastSwiftUpdateCheck = 1430;
				LastUpgradeCheck = 1430;
				TargetAttributes = {
					7A555D7C29E9B523003B521F = {
						CreatedOnToolsVersion = 14.3;
					};
				};
			};
			buildConfigurationList = 7A555D7829E9B523003B521F /* Build configuration list for PBXProject "ContactsTask" */;
			compatibilityVersion = "Xcode 14.0";
			developmentRegion = en;
			hasScannedForEncodings = 0;
			knownRegions = (
				en,
				Base,
			);
			mainGroup = 7A555D7429E9B523003B521F;
			productRefGroup = 7A555D7E29E9B523003B521F /* Products */;
			projectDirPath = "";
			projectRoot = "";
			targets = (
				7A555D7C29E9B523003B521F /* ContactsTask */,
			);
		};
/* End PBXProject section */

/* Begin PBXResourcesBuildPhase section */
		7A555D7B29E9B523003B521F /* Resources */ = {
			isa = PBXResourcesBuildPhase;
			buildActionMask = 2147483647;
			files = (
				7A555D8D29E9B524003B521F /* LaunchScreen.storyboard in Resources */,
				7A555D9829E9B9F1003B521F /* MainViewCell.xib in Resources */,
				7A89EADE29EACC7500A637F9 /* DetailCell.xib in Resources */,
				7AD775D929E9FF0700BF7515 /* DetailViewController.storyboard in Resources */,
				7A555D8A29E9B524003B521F /* Assets.xcassets in Resources */,
				7A555D8829E9B523003B521F /* Main.storyboard in Resources */,
			);
			runOnlyForDeploymentPostprocessing = 0;
		};
/* End PBXResourcesBuildPhase section */

/* Begin PBXSourcesBuildPhase section */
		7A555D7929E9B523003B521F /* Sources */ = {
			isa = PBXSourcesBuildPhase;
			buildActionMask = 2147483647;
			files = (
				7A555D8529E9B523003B521F /* MainViewController.swift in Sources */,
				7A555D9729E9B9F1003B521F /* MainViewCell.swift in Sources */,
				7A89EADD29EACC7500A637F9 /* DetailCell.swift in Sources */,
				7A29C4BA29E9C0C100514967 /* MainViewPresenter.swift in Sources */,
				7A555D8129E9B523003B521F /* AppDelegate.swift in Sources */,
				7A555D8329E9B523003B521F /* SceneDelegate.swift in Sources */,
				7A89EAE229EAE3CE00A637F9 /* MainContract.swift in Sources */,
				7A29C4B629E9C09000514967 /* ContactsCategory.swift in Sources */,
				7A29C4BD29E9C46D00514967 /* PhoneContacts.swift in Sources */,
				7AD775D729E9FEC500BF7515 /* DetailViewController.swift in Sources */,
			);
			runOnlyForDeploymentPostprocessing = 0;
		};
/* End PBXSourcesBuildPhase section */

/* Begin PBXVariantGroup section */
		7A555D8629E9B523003B521F /* Main.storyboard */ = {
			isa = PBXVariantGroup;
			children = (
				7A555D8729E9B523003B521F /* Base */,
			);
			name = Main.storyboard;
			sourceTree = "<group>";
		};
		7A555D8B29E9B524003B521F /* LaunchScreen.storyboard */ = {
			isa = PBXVariantGroup;
			children = (
				7A555D8C29E9B524003B521F /* Base */,
			);
			name = LaunchScreen.storyboard;
			sourceTree = "<group>";
		};
/* End PBXVariantGroup section */

/* Begin XCBuildConfiguration section */
		7A555D8F29E9B524003B521F /* Debug */ = {
			isa = XCBuildConfiguration;
			buildSettings = {
				ALWAYS_SEARCH_USER_PATHS = NO;
				CLANG_ANALYZER_NONNULL = YES;
				CLANG_ANALYZER_NUMBER_OBJECT_CONVERSION = YES_AGGRESSIVE;
				CLANG_CXX_LANGUAGE_STANDARD = "gnu++20";
				CLANG_ENABLE_MODULES = YES;
				CLANG_ENABLE_OBJC_ARC = YES;
				CLANG_ENABLE_OBJC_WEAK = YES;
				CLANG_WARN_BLOCK_CAPTURE_AUTORELEASING = YES;
				CLANG_WARN_BOOL_CONVERSION = YES;
				CLANG_WARN_COMMA = YES;
				CLANG_WARN_CONSTANT_CONVERSION = YES;
				CLANG_WARN_DEPRECATED_OBJC_IMPLEMENTATIONS = YES;
				CLANG_WARN_DIRECT_OBJC_ISA_USAGE = YES_ERROR;
				CLANG_WARN_DOCUMENTATION_COMMENTS = YES;
				CLANG_WARN_EMPTY_BODY = YES;
				CLANG_WARN_ENUM_CONVERSION = YES;
				CLANG_WARN_INFINITE_RECURSION = YES;
				CLANG_WARN_INT_CONVERSION = YES;
				CLANG_WARN_NON_LITERAL_NULL_CONVERSION = YES;
				CLANG_WARN_OBJC_IMPLICIT_RETAIN_SELF = YES;
				CLANG_WARN_OBJC_LITERAL_CONVERSION = YES;
				CLANG_WARN_OBJC_ROOT_CLASS = YES_ERROR;
				CLANG_WARN_QUOTED_INCLUDE_IN_FRAMEWORK_HEADER = YES;
				CLANG_WARN_RANGE_LOOP_ANALYSIS = YES;
				CLANG_WARN_STRICT_PROTOTYPES = YES;
				CLANG_WARN_SUSPICIOUS_MOVE = YES;
				CLANG_WARN_UNGUARDED_AVAILABILITY = YES_AGGRESSIVE;
				CLANG_WARN_UNREACHABLE_CODE = YES;
				CLANG_WARN__DUPLICATE_METHOD_MATCH = YES;
				COPY_PHASE_STRIP = NO;
				DEBUG_INFORMATION_FORMAT = dwarf;
				ENABLE_STRICT_OBJC_MSGSEND = YES;
				ENABLE_TESTABILITY = YES;
				GCC_C_LANGUAGE_STANDARD = gnu11;
				GCC_DYNAMIC_NO_PIC = NO;
				GCC_NO_COMMON_BLOCKS = YES;
				GCC_OPTIMIZATION_LEVEL = 0;
				GCC_PREPROCESSOR_DEFINITIONS = (
					"DEBUG=1",
					"$(inherited)",
				);
				GCC_WARN_64_TO_32_BIT_CONVERSION = YES;
				GCC_WARN_ABOUT_RETURN_TYPE = YES_ERROR;
				GCC_WARN_UNDECLARED_SELECTOR = YES;
				GCC_WARN_UNINITIALIZED_AUTOS = YES_AGGRESSIVE;
				GCC_WARN_UNUSED_FUNCTION = YES;
				GCC_WARN_UNUSED_VARIABLE = YES;
				IPHONEOS_DEPLOYMENT_TARGET = 16.4;
				MTL_ENABLE_DEBUG_INFO = INCLUDE_SOURCE;
				MTL_FAST_MATH = YES;
				ONLY_ACTIVE_ARCH = YES;
				SDKROOT = iphoneos;
				SWIFT_ACTIVE_COMPILATION_CONDITIONS = DEBUG;
				SWIFT_OPTIMIZATION_LEVEL = "-Onone";
			};
			name = Debug;
		};
		7A555D9029E9B524003B521F /* Release */ = {
			isa = XCBuildConfiguration;
			buildSettings = {
				ALWAYS_SEARCH_USER_PATHS = NO;
				CLANG_ANALYZER_NONNULL = YES;
				CLANG_ANALYZER_NUMBER_OBJECT_CONVERSION = YES_AGGRESSIVE;
				CLANG_CXX_LANGUAGE_STANDARD = "gnu++20";
				CLANG_ENABLE_MODULES = YES;
				CLANG_ENABLE_OBJC_ARC = YES;
				CLANG_ENABLE_OBJC_WEAK = YES;
				CLANG_WARN_BLOCK_CAPTURE_AUTORELEASING = YES;
				CLANG_WARN_BOOL_CONVERSION = YES;
				CLANG_WARN_COMMA = YES;
				CLANG_WARN_CONSTANT_CONVERSION = YES;
				CLANG_WARN_DEPRECATED_OBJC_IMPLEMENTATIONS = YES;
				CLANG_WARN_DIRECT_OBJC_ISA_USAGE = YES_ERROR;
				CLANG_WARN_DOCUMENTATION_COMMENTS = YES;
				CLANG_WARN_EMPTY_BODY = YES;
				CLANG_WARN_ENUM_CONVERSION = YES;
				CLANG_WARN_INFINITE_RECURSION = YES;
				CLANG_WARN_INT_CONVERSION = YES;
				CLANG_WARN_NON_LITERAL_NULL_CONVERSION = YES;
				CLANG_WARN_OBJC_IMPLICIT_RETAIN_SELF = YES;
				CLANG_WARN_OBJC_LITERAL_CONVERSION = YES;
				CLANG_WARN_OBJC_ROOT_CLASS = YES_ERROR;
				CLANG_WARN_QUOTED_INCLUDE_IN_FRAMEWORK_HEADER = YES;
				CLANG_WARN_RANGE_LOOP_ANALYSIS = YES;
				CLANG_WARN_STRICT_PROTOTYPES = YES;
				CLANG_WARN_SUSPICIOUS_MOVE = YES;
				CLANG_WARN_UNGUARDED_AVAILABILITY = YES_AGGRESSIVE;
				CLANG_WARN_UNREACHABLE_CODE = YES;
				CLANG_WARN__DUPLICATE_METHOD_MATCH = YES;
				COPY_PHASE_STRIP = NO;
				DEBUG_INFORMATION_FORMAT = "dwarf-with-dsym";
				ENABLE_NS_ASSERTIONS = NO;
				ENABLE_STRICT_OBJC_MSGSEND = YES;
				GCC_C_LANGUAGE_STANDARD = gnu11;
				GCC_NO_COMMON_BLOCKS = YES;
				GCC_WARN_64_TO_32_BIT_CONVERSION = YES;
				GCC_WARN_ABOUT_RETURN_TYPE = YES_ERROR;
				GCC_WARN_UNDECLARED_SELECTOR = YES;
				GCC_WARN_UNINITIALIZED_AUTOS = YES_AGGRESSIVE;
				GCC_WARN_UNUSED_FUNCTION = YES;
				GCC_WARN_UNUSED_VARIABLE = YES;
				IPHONEOS_DEPLOYMENT_TARGET = 16.4;
				MTL_ENABLE_DEBUG_INFO = NO;
				MTL_FAST_MATH = YES;
				SDKROOT = iphoneos;
				SWIFT_COMPILATION_MODE = wholemodule;
				SWIFT_OPTIMIZATION_LEVEL = "-O";
				VALIDATE_PRODUCT = YES;
			};
			name = Release;
		};
		7A555D9229E9B524003B521F /* Debug */ = {
			isa = XCBuildConfiguration;
			buildSettings = {
				ASSETCATALOG_COMPILER_APPICON_NAME = AppIcon;
				ASSETCATALOG_COMPILER_GLOBAL_ACCENT_COLOR_NAME = AccentColor;
				CODE_SIGN_STYLE = Automatic;
				CURRENT_PROJECT_VERSION = 1;
				DEVELOPMENT_TEAM = 876GZYDWFS;
				GENERATE_INFOPLIST_FILE = YES;
				INFOPLIST_FILE = ContactsTask/Info.plist;
				INFOPLIST_KEY_UIApplicationSupportsIndirectInputEvents = YES;
				INFOPLIST_KEY_UILaunchStoryboardName = LaunchScreen;
				INFOPLIST_KEY_UIMainStoryboardFile = Main;
				INFOPLIST_KEY_UISupportedInterfaceOrientations_iPad = "UIInterfaceOrientationPortrait UIInterfaceOrientationPortraitUpsideDown UIInterfaceOrientationLandscapeLeft UIInterfaceOrientationLandscapeRight";
				INFOPLIST_KEY_UISupportedInterfaceOrientations_iPhone = "UIInterfaceOrientationPortrait UIInterfaceOrientationLandscapeLeft UIInterfaceOrientationLandscapeRight";
				LD_RUNPATH_SEARCH_PATHS = (
					"$(inherited)",
					"@executable_path/Frameworks",
				);
				MARKETING_VERSION = 1.0;
				PRODUCT_BUNDLE_IDENTIFIER = com.mahlena.ContactsTask;
				PRODUCT_NAME = "$(TARGET_NAME)";
				SWIFT_EMIT_LOC_STRINGS = YES;
				SWIFT_VERSION = 5.0;
				TARGETED_DEVICE_FAMILY = "1,2";
			};
			name = Debug;
		};
		7A555D9329E9B524003B521F /* Release */ = {
			isa = XCBuildConfiguration;
			buildSettings = {
				ASSETCATALOG_COMPILER_APPICON_NAME = AppIcon;
				ASSETCATALOG_COMPILER_GLOBAL_ACCENT_COLOR_NAME = AccentColor;
				CODE_SIGN_STYLE = Automatic;
				CURRENT_PROJECT_VERSION = 1;
				DEVELOPMENT_TEAM = 876GZYDWFS;
				GENERATE_INFOPLIST_FILE = YES;
				INFOPLIST_FILE = ContactsTask/Info.plist;
				INFOPLIST_KEY_UIApplicationSupportsIndirectInputEvents = YES;
				INFOPLIST_KEY_UILaunchStoryboardName = LaunchScreen;
				INFOPLIST_KEY_UIMainStoryboardFile = Main;
				INFOPLIST_KEY_UISupportedInterfaceOrientations_iPad = "UIInterfaceOrientationPortrait UIInterfaceOrientationPortraitUpsideDown UIInterfaceOrientationLandscapeLeft UIInterfaceOrientationLandscapeRight";
				INFOPLIST_KEY_UISupportedInterfaceOrientations_iPhone = "UIInterfaceOrientationPortrait UIInterfaceOrientationLandscapeLeft UIInterfaceOrientationLandscapeRight";
				LD_RUNPATH_SEARCH_PATHS = (
					"$(inherited)",
					"@executable_path/Frameworks",
				);
				MARKETING_VERSION = 1.0;
				PRODUCT_BUNDLE_IDENTIFIER = com.mahlena.ContactsTask;
				PRODUCT_NAME = "$(TARGET_NAME)";
				SWIFT_EMIT_LOC_STRINGS = YES;
				SWIFT_VERSION = 5.0;
				TARGETED_DEVICE_FAMILY = "1,2";
			};
			name = Release;
		};
/* End XCBuildConfiguration section */

/* Begin XCConfigurationList section */
		7A555D7829E9B523003B521F /* Build configuration list for PBXProject "ContactsTask" */ = {
			isa = XCConfigurationList;
			buildConfigurations = (
				7A555D8F29E9B524003B521F /* Debug */,
				7A555D9029E9B524003B521F /* Release */,
			);
			defaultConfigurationIsVisible = 0;
			defaultConfigurationName = Release;
		};
		7A555D9129E9B524003B521F /* Build configuration list for PBXNativeTarget "ContactsTask" */ = {
			isa = XCConfigurationList;
			buildConfigurations = (
				7A555D9229E9B524003B521F /* Debug */,
				7A555D9329E9B524003B521F /* Release */,
			);
			defaultConfigurationIsVisible = 0;
			defaultConfigurationName = Release;
		};
/* End XCConfigurationList section */
	};
	rootObject = 7A555D7529E9B523003B521F /* Project object */;
}
